hash: 55e81383bd086597959b36ba4dddaecc68f600520603a4918b33fe103a271e76
updated: 2020-04-16T16:32:44.724584+02:00
imports:
- name: github.com/blang/semver
  version: 31b736133b98f26d5e078ec9eb591666edfd091f
- name: github.com/davecgh/go-spew
  version: 5215b55f46b2b919f50a1df0eaa5886afe4e3b3d
  subpackages:
  - spew
- name: github.com/docker/cli
  version: df6e38b81a94c06ee1e3bd3fd3b17cd9b67c926b
  subpackages:
  - cli/compose/types
- name: github.com/docker/distribution
  version: 12acdf0a6c1e56d965ac6eb395d2bce687bf22fc
  subpackages:
  - configuration
  - context
  - digest
  - health
  - health/checks
  - manifest
  - manifest/manifestlist
  - manifest/schema1
  - manifest/schema2
  - notifications
  - reference
  - registry/api/errcode
  - registry/api/v2
  - registry/auth
  - registry/auth/htpasswd
  - registry/auth/token
  - registry/client
  - registry/client/auth
  - registry/client/transport
  - registry/handlers
  - registry/middleware/registry
  - registry/middleware/repository
  - registry/proxy
  - registry/proxy/scheduler
  - registry/storage
  - registry/storage/cache
  - registry/storage/cache/memory
  - registry/storage/cache/redis
  - registry/storage/driver
  - registry/storage/driver/azure
  - registry/storage/driver/base
  - registry/storage/driver/factory
  - registry/storage/driver/filesystem
  - registry/storage/driver/gcs
  - registry/storage/driver/inmemory
  - registry/storage/driver/middleware
  - registry/storage/driver/middleware/cloudfront
  - registry/storage/driver/s3-aws
  - registry/storage/driver/swift
  - uuid
  - version
- name: github.com/docker/docker
  version: 8e435b8279f2af3e0cebd73fa9e25ca1bb26004e
  subpackages:
  - api/types/strslice
- name: github.com/docker/go-units
  version: 0bbddae09c5a5419a8c6dcdd7ff90da3d450393b
- name: github.com/docker/libcompose
  version: 57bd716502dcbe1799f026148016022b0f3b989c
  subpackages:
  - config
  - lookup
  - project
  - yaml
- name: github.com/docker/libtrust
  version: c54fbb67c1f1e68d7d6f8d2ad7c9360404616a41
- name: github.com/flynn/go-shlex
  version: 3f9db97f856818214da2e1057f8ad84803971cff
- name: github.com/fsouza/go-dockerclient
  version: bf97c77db7c945cbcdbf09d56c6f87a66f54537b
  subpackages:
  - external/github.com/Sirupsen/logrus
  - external/github.com/docker/docker/opts
  - external/github.com/docker/docker/pkg/archive
  - external/github.com/docker/docker/pkg/fileutils
  - external/github.com/docker/docker/pkg/homedir
  - external/github.com/docker/docker/pkg/idtools
  - external/github.com/docker/docker/pkg/ioutils
  - external/github.com/docker/docker/pkg/longpath
  - external/github.com/docker/docker/pkg/pools
  - external/github.com/docker/docker/pkg/promise
  - external/github.com/docker/docker/pkg/stdcopy
  - external/github.com/docker/docker/pkg/system
  - external/github.com/docker/go-units
  - external/github.com/hashicorp/go-cleanhttp
  - external/github.com/opencontainers/runc/libcontainer/user
  - external/golang.org/x/net/context
  - external/golang.org/x/sys/unix
- name: github.com/ghodss/yaml
  version: 73d445a93680fa1a78ae23a5839bad48f32ba1ee
- name: github.com/gogo/protobuf
  version: 382325bbbb4d1c850eec1f3ec92a1a16f502d68b
  subpackages:
  - proto
  - sortkeys
- name: github.com/golang/glog
  version: 335da9dda11408a34b64344f82e9c03779b71673
  repo: https://github.com/openshift/glog
- name: github.com/google/gofuzz
  version: bbcb9da2d746f8bdbd6a936686a0a6067ada0ec5
- name: github.com/gorilla/context
  version: 215affda49addc4c8ef7e2534915df2c8c35c6cd
- name: github.com/gorilla/mux
  version: 8096f47503459bcc74d1f4c487b7e6e42e5746b5
- name: github.com/inconshreveable/mousetrap
  version: 76626ae9c91c4f2a10f34cad8ce83ea42c93bb75
- name: github.com/kubernetes/kompose
  version: 992df58d8f91bcf84c9fae16afec161d2d46f33b
  subpackages:
  - pkg/kobject
- name: github.com/openshift/kubernetes
  version: a16c0a7f71a6f93c7e0f222d961f4675cd97a46b
- name: github.com/openshift/origin
  version: b4e0954faa4a0d11d9c1a536b76ad4a8c0206b7c
  subpackages:
  - pkg/build/api/install
  - pkg/build/api/v1
  - pkg/client
  - pkg/cmd/cli/config
  - pkg/deploy/api
  - pkg/deploy/api/install
  - pkg/image/api
  - pkg/image/api/install
  - pkg/image/reference
  - pkg/route/api
  - pkg/route/api/install
- name: github.com/pborman/uuid
  version: ca53cad383cad2479bbba7f7a1a05797ec1386e4
- name: github.com/pkg/errors
  version: 614d223910a179a466c1767a985424175c39b465
- name: github.com/sirupsen/logrus
  version: aaf92c95712104318fc35409745f1533aa5ff327
- name: github.com/Sirupsen/logrus
  version: aaf92c95712104318fc35409745f1533aa5ff327
  repo: https://github.com/sirupsen/logrus
  vcs: git
- name: github.com/spf13/cast
  version: 8965335b8c7107321228e3e3702cab9832751bac
- name: github.com/spf13/cobra
  version: a684a6d7f5e37385d954dd3b5a14fc6912c6ab9d
- name: github.com/spf13/pflag
  version: 2e9d26c8c37aae03e3f9d4e90b7116f5accb7cab
- name: github.com/ugorji/go
  version: f4485b318aadd133842532f841dc205a8e339d74
  subpackages:
  - codec
- name: golang.org/x/crypto
  version: 1f22c0103821b9390939b6776727195525381532
  subpackages:
  - ssh/terminal
- name: golang.org/x/net
  version: e90d6d0afc4c315a0d87a568ae68577cc15149a0
  subpackages:
  - context
  - context/ctxhttp
  - html
  - html/atom
  - http2
  - http2/hpack
  - idna
  - internal/timeseries
  - lex/httplex
  - proxy
  - trace
  - websocket
- name: golang.org/x/sys
  version: ebfc5b4631820b793c9010c87fd8fef0f39eb082
  subpackages:
  - unix
- name: gopkg.in/inf.v0
  version: 3887ee99ecf07df5b447e9b00d9c0b2adaa9f3e4
- name: gopkg.in/yaml.v2
  version: a83829b6f1293c91addabc89d0571c246397bbf4
- name: k8s.io/kubernetes
  version: a16c0a7f71a6f93c7e0f222d961f4675cd97a46b
  repo: https://github.com/openshift/kubernetes
  subpackages:
  - pkg/api
  - pkg/api/errors
  - pkg/api/install
  - pkg/api/meta
  - pkg/api/meta/metatypes
  - pkg/api/resource
  - pkg/api/unversioned
  - pkg/apis/autoscaling
  - pkg/apis/batch
  - pkg/apis/extensions
  - pkg/apis/extensions/install
  - pkg/auth/user
  - pkg/client/unversioned
  - pkg/client/unversioned/clientcmd
  - pkg/conversion
  - pkg/conversion/queryparams
  - pkg/fields
  - pkg/kubectl
  - pkg/kubectl/cmd/util
  - pkg/labels
  - pkg/runtime
  - pkg/runtime/serializer
  - pkg/runtime/serializer/json
  - pkg/runtime/serializer/protobuf
  - pkg/runtime/serializer/recognizer
  - pkg/runtime/serializer/versioning
  - pkg/selection
  - pkg/types
  - pkg/util/errors
  - pkg/util/framer
  - pkg/util/intstr
  - pkg/util/json
  - pkg/util/labels
  - pkg/util/rand
  - pkg/util/sets
  - pkg/util/uuid
  - pkg/util/validation
  - pkg/util/validation/field
  - pkg/util/yaml
  - third_party/forked/golang/reflect
testImports: []
